// !$*UTF8*$!
{
	archiveVersion = 1;
	classes = {
	};
	objectVersion = 55;
	objects = {

/* Begin PBXBuildFile section */
		294B806D2A28820B008EA759 /* SyarahObjectDetectionApp.swift in Sources */ = {isa = PBXBuildFile; fileRef = 294B806C2A28820B008EA759 /* SyarahObjectDetectionApp.swift */; };
		294B806F2A28820B008EA759 /* ContentView.swift in Sources */ = {isa = PBXBuildFile; fileRef = 294B806E2A28820B008EA759 /* ContentView.swift */; };
		294B80712A28820B008EA759 /* Assets.xcassets in Resources */ = {isa = PBXBuildFile; fileRef = 294B80702A28820B008EA759 /* Assets.xcassets */; };
		294B80742A28820B008EA759 /* Preview Assets.xcassets in Resources */ = {isa = PBXBuildFile; fileRef = 294B80732A28820B008EA759 /* Preview Assets.xcassets */; };
		2995684E2A2883D200960695 /* efficientdet_lite0.tflite in Resources */ = {isa = PBXBuildFile; fileRef = 2995684C2A2883D200960695 /* efficientdet_lite0.tflite */; };
		2995684F2A2883D200960695 /* ObjectDetectionHelper.swift in Sources */ = {isa = PBXBuildFile; fileRef = 2995684D2A2883D200960695 /* ObjectDetectionHelper.swift */; };
		299568532A2885D700960695 /* PreviewUIView.swift in Sources */ = {isa = PBXBuildFile; fileRef = 299568512A2885D700960695 /* PreviewUIView.swift */; };
		299568542A2885D700960695 /* CameraFeedManager.swift in Sources */ = {isa = PBXBuildFile; fileRef = 299568522A2885D700960695 /* CameraFeedManager.swift */; };
		299568562A28860900960695 /* MainView.swift in Sources */ = {isa = PBXBuildFile; fileRef = 299568552A28860900960695 /* MainView.swift */; };
		299568582A2889D800960695 /* PreviewView.swift in Sources */ = {isa = PBXBuildFile; fileRef = 299568572A2889D800960695 /* PreviewView.swift */; };
		2995685A2A2899A400960695 /* OverlayView.swift in Sources */ = {isa = PBXBuildFile; fileRef = 299568592A2899A400960695 /* OverlayView.swift */; };
		47247156794AEAFD536D6AC2 /* Pods_SyarahObjectDetection.framework in Frameworks */ = {isa = PBXBuildFile; fileRef = 3543882EF5A523858504FCFD /* Pods_SyarahObjectDetection.framework */; };
/* End PBXBuildFile section */

/* Begin PBXFileReference section */
		294B80692A28820B008EA759 /* SyarahObjectDetection.app */ = {isa = PBXFileReference; explicitFileType = wrapper.application; includeInIndex = 0; path = SyarahObjectDetection.app; sourceTree = BUILT_PRODUCTS_DIR; };
		294B806C2A28820B008EA759 /* SyarahObjectDetectionApp.swift */ = {isa = PBXFileReference; lastKnownFileType = sourcecode.swift; path = SyarahObjectDetectionApp.swift; sourceTree = "<group>"; };
		294B806E2A28820B008EA759 /* ContentView.swift */ = {isa = PBXFileReference; lastKnownFileType = sourcecode.swift; path = ContentView.swift; sourceTree = "<group>"; };
		294B80702A28820B008EA759 /* Assets.xcassets */ = {isa = PBXFileReference; lastKnownFileType = folder.assetcatalog; path = Assets.xcassets; sourceTree = "<group>"; };
		294B80732A28820B008EA759 /* Preview Assets.xcassets */ = {isa = PBXFileReference; lastKnownFileType = folder.assetcatalog; path = "Preview Assets.xcassets"; sourceTree = "<group>"; };
		2995684C2A2883D200960695 /* efficientdet_lite0.tflite */ = {isa = PBXFileReference; lastKnownFileType = file; path = efficientdet_lite0.tflite; sourceTree = "<group>"; };
		2995684D2A2883D200960695 /* ObjectDetectionHelper.swift */ = {isa = PBXFileReference; fileEncoding = 4; lastKnownFileType = sourcecode.swift; path = ObjectDetectionHelper.swift; sourceTree = "<group>"; };
		299568512A2885D700960695 /* PreviewUIView.swift */ = {isa = PBXFileReference; fileEncoding = 4; lastKnownFileType = sourcecode.swift; path = PreviewUIView.swift; sourceTree = "<group>"; };
		299568522A2885D700960695 /* CameraFeedManager.swift */ = {isa = PBXFileReference; fileEncoding = 4; lastKnownFileType = sourcecode.swift; path = CameraFeedManager.swift; sourceTree = "<group>"; };
		299568552A28860900960695 /* MainView.swift */ = {isa = PBXFileReference; lastKnownFileType = sourcecode.swift; path = MainView.swift; sourceTree = "<group>"; };
		299568572A2889D800960695 /* PreviewView.swift */ = {isa = PBXFileReference; lastKnownFileType = sourcecode.swift; path = PreviewView.swift; sourceTree = "<group>"; };
		299568592A2899A400960695 /* OverlayView.swift */ = {isa = PBXFileReference; lastKnownFileType = sourcecode.swift; path = OverlayView.swift; sourceTree = "<group>"; };
		3543882EF5A523858504FCFD /* Pods_SyarahObjectDetection.framework */ = {isa = PBXFileReference; explicitFileType = wrapper.framework; includeInIndex = 0; path = Pods_SyarahObjectDetection.framework; sourceTree = BUILT_PRODUCTS_DIR; };
		41C2035D8D7305D3D94EA5F0 /* Pods-SyarahObjectDetection.debug.xcconfig */ = {isa = PBXFileReference; includeInIndex = 1; lastKnownFileType = text.xcconfig; name = "Pods-SyarahObjectDetection.debug.xcconfig"; path = "Target Support Files/Pods-SyarahObjectDetection/Pods-SyarahObjectDetection.debug.xcconfig"; sourceTree = "<group>"; };
		D2466A7B642FF3D592A44BB6 /* Pods-SyarahObjectDetection.release.xcconfig */ = {isa = PBXFileReference; includeInIndex = 1; lastKnownFileType = text.xcconfig; name = "Pods-SyarahObjectDetection.release.xcconfig"; path = "Target Support Files/Pods-SyarahObjectDetection/Pods-SyarahObjectDetection.release.xcconfig"; sourceTree = "<group>"; };
/* End PBXFileReference section */

/* Begin PBXFrameworksBuildPhase section */
		294B80662A28820B008EA759 /* Frameworks */ = {
			isa = PBXFrameworksBuildPhase;
			buildActionMask = 2147483647;
			files = (
				47247156794AEAFD536D6AC2 /* Pods_SyarahObjectDetection.framework in Frameworks */,
			);
			runOnlyForDeploymentPostprocessing = 0;
		};
/* End PBXFrameworksBuildPhase section */

/* Begin PBXGroup section */
		294B80602A28820A008EA759 = {
			isa = PBXGroup;
			children = (
				294B806B2A28820B008EA759 /* SyarahObjectDetection */,
				294B806A2A28820B008EA759 /* Products */,
				EA292B4753976BFCED486A33 /* Pods */,
				9EB5D38788E29292F081699F /* Frameworks */,
			);
			sourceTree = "<group>";
		};
		294B806A2A28820B008EA759 /* Products */ = {
			isa = PBXGroup;
			children = (
				294B80692A28820B008EA759 /* SyarahObjectDetection.app */,
			);
			name = Products;
			sourceTree = "<group>";
		};
		294B806B2A28820B008EA759 /* SyarahObjectDetection */ = {
			isa = PBXGroup;
			children = (
				294B806C2A28820B008EA759 /* SyarahObjectDetectionApp.swift */,
				2995685B2A28AC3E00960695 /* Views */,
				299568502A2885D700960695 /* PreviewView */,
				2995684B2A2883BF00960695 /* AI Model */,
				294B80702A28820B008EA759 /* Assets.xcassets */,
				294B80722A28820B008EA759 /* Preview Content */,
			);
			path = SyarahObjectDetection;
			sourceTree = "<group>";
		};
		294B80722A28820B008EA759 /* Preview Content */ = {
			isa = PBXGroup;
			children = (
				294B80732A28820B008EA759 /* Preview Assets.xcassets */,
			);
			path = "Preview Content";
			sourceTree = "<group>";
		};
		2995684B2A2883BF00960695 /* AI Model */ = {
			isa = PBXGroup;
			children = (
				2995684C2A2883D200960695 /* efficientdet_lite0.tflite */,
				2995684D2A2883D200960695 /* ObjectDetectionHelper.swift */,
			);
			path = "AI Model";
			sourceTree = "<group>";
		};
		299568502A2885D700960695 /* PreviewView */ = {
			isa = PBXGroup;
			children = (
				299568512A2885D700960695 /* PreviewUIView.swift */,
				299568522A2885D700960695 /* CameraFeedManager.swift */,
			);
			path = PreviewView;
			sourceTree = "<group>";
		};
		2995685B2A28AC3E00960695 /* Views */ = {
			isa = PBXGroup;
			children = (
				294B806E2A28820B008EA759 /* ContentView.swift */,
				299568552A28860900960695 /* MainView.swift */,
				299568572A2889D800960695 /* PreviewView.swift */,
				299568592A2899A400960695 /* OverlayView.swift */,
			);
			path = Views;
			sourceTree = "<group>";
		};
		9EB5D38788E29292F081699F /* Frameworks */ = {
			isa = PBXGroup;
			children = (
				3543882EF5A523858504FCFD /* Pods_SyarahObjectDetection.framework */,
			);
			name = Frameworks;
			sourceTree = "<group>";
		};
		EA292B4753976BFCED486A33 /* Pods */ = {
			isa = PBXGroup;
			children = (
				41C2035D8D7305D3D94EA5F0 /* Pods-SyarahObjectDetection.debug.xcconfig */,
				D2466A7B642FF3D592A44BB6 /* Pods-SyarahObjectDetection.release.xcconfig */,
			);
			path = Pods;
			sourceTree = "<group>";
		};
/* End PBXGroup section */

/* Begin PBXNativeTarget section */
		294B80682A28820B008EA759 /* SyarahObjectDetection */ = {
			isa = PBXNativeTarget;
			buildConfigurationList = 294B80772A28820B008EA759 /* Build configuration list for PBXNativeTarget "SyarahObjectDetection" */;
			buildPhases = (
				8241D150BE95170EE0E8BE64 /* [CP] Check Pods Manifest.lock */,
				294B80652A28820B008EA759 /* Sources */,
				294B80662A28820B008EA759 /* Frameworks */,
				294B80672A28820B008EA759 /* Resources */,
			);
			buildRules = (
			);
			dependencies = (
			);
			name = SyarahObjectDetection;
			productName = SyarahObjectDetection;
			productReference = 294B80692A28820B008EA759 /* SyarahObjectDetection.app */;
			productType = "com.apple.product-type.application";
		};
/* End PBXNativeTarget section */

/* Begin PBXProject section */
		294B80612A28820A008EA759 /* Project object */ = {
			isa = PBXProject;
			attributes = {
				BuildIndependentTargetsInParallel = 1;
				LastSwiftUpdateCheck = 1430;
				LastUpgradeCheck = 1430;
				TargetAttributes = {
					294B80682A28820B008EA759 = {
						CreatedOnToolsVersion = 14.3;
					};
				};
			};
			buildConfigurationList = 294B80642A28820A008EA759 /* Build configuration list for PBXProject "SyarahObjectDetection" */;
			compatibilityVersion = "Xcode 13.0";
			developmentRegion = en;
			hasScannedForEncodings = 0;
			knownRegions = (
				en,
				Base,
			);
			mainGroup = 294B80602A28820A008EA759;
			productRefGroup = 294B806A2A28820B008EA759 /* Products */;
			projectDirPath = "";
			projectRoot = "";
			targets = (
				294B80682A28820B008EA759 /* SyarahObjectDetection */,
			);
		};
/* End PBXProject section */

/* Begin PBXResourcesBuildPhase section */
		294B80672A28820B008EA759 /* Resources */ = {
			isa = PBXResourcesBuildPhase;
			buildActionMask = 2147483647;
			files = (
				294B80742A28820B008EA759 /* Preview Assets.xcassets in Resources */,
				2995684E2A2883D200960695 /* efficientdet_lite0.tflite in Resources */,
				294B80712A28820B008EA759 /* Assets.xcassets in Resources */,
			);
			runOnlyForDeploymentPostprocessing = 0;
		};
/* End PBXResourcesBuildPhase section */

/* Begin PBXShellScriptBuildPhase section */
		8241D150BE95170EE0E8BE64 /* [CP] Check Pods Manifest.lock */ = {
			isa = PBXShellScriptBuildPhase;
			buildActionMask = 2147483647;
			files = (
			);
			inputFileListPaths = (
			);
			inputPaths = (
				"${PODS_PODFILE_DIR_PATH}/Podfile.lock",
				"${PODS_ROOT}/Manifest.lock",
			);
			name = "[CP] Check Pods Manifest.lock";
			outputFileListPaths = (
			);
			outputPaths = (
				"$(DERIVED_FILE_DIR)/Pods-SyarahObjectDetection-checkManifestLockResult.txt",
			);
			runOnlyForDeploymentPostprocessing = 0;
			shellPath = /bin/sh;
			shellScript = "diff \"${PODS_PODFILE_DIR_PATH}/Podfile.lock\" \"${PODS_ROOT}/Manifest.lock\" > /dev/null\nif [ $? != 0 ] ; then\n    # print error to STDERR\n    echo \"error: The sandbox is not in sync with the Podfile.lock. Run 'pod install' or update your CocoaPods installation.\" >&2\n    exit 1\nfi\n# This output is used by Xcode 'outputs' to avoid re-running this script phase.\necho \"SUCCESS\" > \"${SCRIPT_OUTPUT_FILE_0}\"\n";
			showEnvVarsInLog = 0;
		};
/* End PBXShellScriptBuildPhase section */

/* Begin PBXSourcesBuildPhase section */
		294B80652A28820B008EA759 /* Sources */ = {
			isa = PBXSourcesBuildPhase;
			buildActionMask = 2147483647;
			files = (
				294B806F2A28820B008EA759 /* ContentView.swift in Sources */,
				2995685A2A2899A400960695 /* OverlayView.swift in Sources */,
				299568562A28860900960695 /* MainView.swift in Sources */,
				299568582A2889D800960695 /* PreviewView.swift in Sources */,
				299568532A2885D700960695 /* PreviewUIView.swift in Sources */,
				299568542A2885D700960695 /* CameraFeedManager.swift in Sources */,
				2995684F2A2883D200960695 /* ObjectDetectionHelper.swift in Sources */,
				294B806D2A28820B008EA759 /* SyarahObjectDetectionApp.swift in Sources */,
			);
			runOnlyForDeploymentPostprocessing = 0;
		};
/* End PBXSourcesBuildPhase section */

/* Begin XCBuildConfiguration section */
		294B80752A28820B008EA759 /* Debug */ = {
			isa = XCBuildConfiguration;
			buildSettings = {
				ALWAYS_SEARCH_USER_PATHS = NO;
				CLANG_ANALYZER_NONNULL = YES;
				CLANG_ANALYZER_NUMBER_OBJECT_CONVERSION = YES_AGGRESSIVE;
				CLANG_CXX_LANGUAGE_STANDARD = "gnu++20";
				CLANG_ENABLE_MODULES = YES;
				CLANG_ENABLE_OBJC_ARC = YES;
				CLANG_ENABLE_OBJC_WEAK = YES;
				CLANG_WARN_BLOCK_CAPTURE_AUTORELEASING = YES;
				CLANG_WARN_BOOL_CONVERSION = YES;
				CLANG_WARN_COMMA = YES;
				CLANG_WARN_CONSTANT_CONVERSION = YES;
				CLANG_WARN_DEPRECATED_OBJC_IMPLEMENTATIONS = YES;
				CLANG_WARN_DIRECT_OBJC_ISA_USAGE = YES_ERROR;
				CLANG_WARN_DOCUMENTATION_COMMENTS = YES;
				CLANG_WARN_EMPTY_BODY = YES;
				CLANG_WARN_ENUM_CONVERSION = YES;
				CLANG_WARN_INFINITE_RECURSION = YES;
				CLANG_WARN_INT_CONVERSION = YES;
				CLANG_WARN_NON_LITERAL_NULL_CONVERSION = YES;
				CLANG_WARN_OBJC_IMPLICIT_RETAIN_SELF = YES;
				CLANG_WARN_OBJC_LITERAL_CONVERSION = YES;
				CLANG_WARN_OBJC_ROOT_CLASS = YES_ERROR;
				CLANG_WARN_QUOTED_INCLUDE_IN_FRAMEWORK_HEADER = YES;
				CLANG_WARN_RANGE_LOOP_ANALYSIS = YES;
				CLANG_WARN_STRICT_PROTOTYPES = YES;
				CLANG_WARN_SUSPICIOUS_MOVE = YES;
				CLANG_WARN_UNGUARDED_AVAILABILITY = YES_AGGRESSIVE;
				CLANG_WARN_UNREACHABLE_CODE = YES;
				CLANG_WARN__DUPLICATE_METHOD_MATCH = YES;
				COPY_PHASE_STRIP = NO;
				DEBUG_INFORMATION_FORMAT = dwarf;
				ENABLE_STRICT_OBJC_MSGSEND = YES;
				ENABLE_TESTABILITY = YES;
				GCC_C_LANGUAGE_STANDARD = gnu11;
				GCC_DYNAMIC_NO_PIC = NO;
				GCC_NO_COMMON_BLOCKS = YES;
				GCC_OPTIMIZATION_LEVEL = 0;
				GCC_PREPROCESSOR_DEFINITIONS = (
					"DEBUG=1",
					"$(inherited)",
				);
				GCC_WARN_64_TO_32_BIT_CONVERSION = YES;
				GCC_WARN_ABOUT_RETURN_TYPE = YES_ERROR;
				GCC_WARN_UNDECLARED_SELECTOR = YES;
				GCC_WARN_UNINITIALIZED_AUTOS = YES_AGGRESSIVE;
				GCC_WARN_UNUSED_FUNCTION = YES;
				GCC_WARN_UNUSED_VARIABLE = YES;
				MTL_ENABLE_DEBUG_INFO = INCLUDE_SOURCE;
				MTL_FAST_MATH = YES;
				ONLY_ACTIVE_ARCH = YES;
				SDKROOT = iphoneos;
				SWIFT_ACTIVE_COMPILATION_CONDITIONS = DEBUG;
				SWIFT_OPTIMIZATION_LEVEL = "-Onone";
			};
			name = Debug;
		};
		294B80762A28820B008EA759 /* Release */ = {
			isa = XCBuildConfiguration;
			buildSettings = {
				ALWAYS_SEARCH_USER_PATHS = NO;
				CLANG_ANALYZER_NONNULL = YES;
				CLANG_ANALYZER_NUMBER_OBJECT_CONVERSION = YES_AGGRESSIVE;
				CLANG_CXX_LANGUAGE_STANDARD = "gnu++20";
				CLANG_ENABLE_MODULES = YES;
				CLANG_ENABLE_OBJC_ARC = YES;
				CLANG_ENABLE_OBJC_WEAK = YES;
				CLANG_WARN_BLOCK_CAPTURE_AUTORELEASING = YES;
				CLANG_WARN_BOOL_CONVERSION = YES;
				CLANG_WARN_COMMA = YES;
				CLANG_WARN_CONSTANT_CONVERSION = YES;
				CLANG_WARN_DEPRECATED_OBJC_IMPLEMENTATIONS = YES;
				CLANG_WARN_DIRECT_OBJC_ISA_USAGE = YES_ERROR;
				CLANG_WARN_DOCUMENTATION_COMMENTS = YES;
				CLANG_WARN_EMPTY_BODY = YES;
				CLANG_WARN_ENUM_CONVERSION = YES;
				CLANG_WARN_INFINITE_RECURSION = YES;
				CLANG_WARN_INT_CONVERSION = YES;
				CLANG_WARN_NON_LITERAL_NULL_CONVERSION = YES;
				CLANG_WARN_OBJC_IMPLICIT_RETAIN_SELF = YES;
				CLANG_WARN_OBJC_LITERAL_CONVERSION = YES;
				CLANG_WARN_OBJC_ROOT_CLASS = YES_ERROR;
				CLANG_WARN_QUOTED_INCLUDE_IN_FRAMEWORK_HEADER = YES;
				CLANG_WARN_RANGE_LOOP_ANALYSIS = YES;
				CLANG_WARN_STRICT_PROTOTYPES = YES;
				CLANG_WARN_SUSPICIOUS_MOVE = YES;
				CLANG_WARN_UNGUARDED_AVAILABILITY = YES_AGGRESSIVE;
				CLANG_WARN_UNREACHABLE_CODE = YES;
				CLANG_WARN__DUPLICATE_METHOD_MATCH = YES;
				COPY_PHASE_STRIP = NO;
				DEBUG_INFORMATION_FORMAT = "dwarf-with-dsym";
				ENABLE_NS_ASSERTIONS = NO;
				ENABLE_STRICT_OBJC_MSGSEND = YES;
				GCC_C_LANGUAGE_STANDARD = gnu11;
				GCC_NO_COMMON_BLOCKS = YES;
				GCC_WARN_64_TO_32_BIT_CONVERSION = YES;
				GCC_WARN_ABOUT_RETURN_TYPE = YES_ERROR;
				GCC_WARN_UNDECLARED_SELECTOR = YES;
				GCC_WARN_UNINITIALIZED_AUTOS = YES_AGGRESSIVE;
				GCC_WARN_UNUSED_FUNCTION = YES;
				GCC_WARN_UNUSED_VARIABLE = YES;
				MTL_ENABLE_DEBUG_INFO = NO;
				MTL_FAST_MATH = YES;
				SDKROOT = iphoneos;
				SWIFT_COMPILATION_MODE = wholemodule;
				SWIFT_OPTIMIZATION_LEVEL = "-O";
				VALIDATE_PRODUCT = YES;
			};
			name = Release;
		};
		294B80782A28820B008EA759 /* Debug */ = {
			isa = XCBuildConfiguration;
			baseConfigurationReference = 41C2035D8D7305D3D94EA5F0 /* Pods-SyarahObjectDetection.debug.xcconfig */;
			buildSettings = {
				ASSETCATALOG_COMPILER_APPICON_NAME = AppIcon;
				ASSETCATALOG_COMPILER_GLOBAL_ACCENT_COLOR_NAME = AccentColor;
				CODE_SIGN_STYLE = Automatic;
				CURRENT_PROJECT_VERSION = 1;
				DEVELOPMENT_ASSET_PATHS = "\"SyarahObjectDetection/Preview Content\"";
				DEVELOPMENT_TEAM = 8DCMFZ837D;
				ENABLE_PREVIEWS = YES;
				GENERATE_INFOPLIST_FILE = YES;
				INFOPLIST_KEY_NSCameraUsageDescription = "This app will use camera to detect objects around you.";
				INFOPLIST_KEY_UIApplicationSceneManifest_Generation = YES;
				INFOPLIST_KEY_UIApplicationSupportsIndirectInputEvents = YES;
				INFOPLIST_KEY_UILaunchScreen_Generation = YES;
				INFOPLIST_KEY_UISupportedInterfaceOrientations_iPad = "UIInterfaceOrientationPortrait UIInterfaceOrientationPortraitUpsideDown UIInterfaceOrientationLandscapeLeft UIInterfaceOrientationLandscapeRight";
				INFOPLIST_KEY_UISupportedInterfaceOrientations_iPhone = "UIInterfaceOrientationPortrait UIInterfaceOrientationLandscapeLeft UIInterfaceOrientationLandscapeRight";
				IPHONEOS_DEPLOYMENT_TARGET = 16.0;
				LD_RUNPATH_SEARCH_PATHS = (
					"$(inherited)",
					"@executable_path/Frameworks",
				);
				MARKETING_VERSION = 1.0;
				PRODUCT_BUNDLE_IDENTIFIER = com.syarah.SyarahObjectDetection;
				PRODUCT_NAME = "$(TARGET_NAME)";
				SWIFT_EMIT_LOC_STRINGS = YES;
				SWIFT_VERSION = 5.0;
				TARGETED_DEVICE_FAMILY = "1,2";
			};
			name = Debug;
		};
		294B80792A28820B008EA759 /* Release */ = {
			isa = XCBuildConfiguration;
			baseConfigurationReference = D2466A7B642FF3D592A44BB6 /* Pods-SyarahObjectDetection.release.xcconfig */;
			buildSettings = {
				ASSETCATALOG_COMPILER_APPICON_NAME = AppIcon;
				ASSETCATALOG_COMPILER_GLOBAL_ACCENT_COLOR_NAME = AccentColor;
				CODE_SIGN_STYLE = Automatic;
				CURRENT_PROJECT_VERSION = 1;
				DEVELOPMENT_ASSET_PATHS = "\"SyarahObjectDetection/Preview Content\"";
				DEVELOPMENT_TEAM = 8DCMFZ837D;
				ENABLE_PREVIEWS = YES;
				GENERATE_INFOPLIST_FILE = YES;
				INFOPLIST_KEY_NSCameraUsageDescription = "This app will use camera to detect objects around you.";
				INFOPLIST_KEY_UIApplicationSceneManifest_Generation = YES;
				INFOPLIST_KEY_UIApplicationSupportsIndirectInputEvents = YES;
				INFOPLIST_KEY_UILaunchScreen_Generation = YES;
				INFOPLIST_KEY_UISupportedInterfaceOrientations_iPad = "UIInterfaceOrientationPortrait UIInterfaceOrientationPortraitUpsideDown UIInterfaceOrientationLandscapeLeft UIInterfaceOrientationLandscapeRight";
				INFOPLIST_KEY_UISupportedInterfaceOrientations_iPhone = "UIInterfaceOrientationPortrait UIInterfaceOrientationLandscapeLeft UIInterfaceOrientationLandscapeRight";
				IPHONEOS_DEPLOYMENT_TARGET = 16.0;
				LD_RUNPATH_SEARCH_PATHS = (
					"$(inherited)",
					"@executable_path/Frameworks",
				);
				MARKETING_VERSION = 1.0;
				PRODUCT_BUNDLE_IDENTIFIER = com.syarah.SyarahObjectDetection;
				PRODUCT_NAME = "$(TARGET_NAME)";
				SWIFT_EMIT_LOC_STRINGS = YES;
				SWIFT_VERSION = 5.0;
				TARGETED_DEVICE_FAMILY = "1,2";
			};
			name = Release;
		};
/* End XCBuildConfiguration section */

/* Begin XCConfigurationList section */
		294B80642A28820A008EA759 /* Build configuration list for PBXProject "SyarahObjectDetection" */ = {
			isa = XCConfigurationList;
			buildConfigurations = (
				294B80752A28820B008EA759 /* Debug */,
				294B80762A28820B008EA759 /* Release */,
			);
			defaultConfigurationIsVisible = 0;
			defaultConfigurationName = Release;
		};
		294B80772A28820B008EA759 /* Build configuration list for PBXNativeTarget "SyarahObjectDetection" */ = {
			isa = XCConfigurationList;
			buildConfigurations = (
				294B80782A28820B008EA759 /* Debug */,
				294B80792A28820B008EA759 /* Release */,
			);
			defaultConfigurationIsVisible = 0;
			defaultConfigurationName = Release;
		};
/* End XCConfigurationList section */
	};
	rootObject = 294B80612A28820A008EA759 /* Project object */;
}
